{
  "name": "web3-lovejs",
  "lockfileVersion": 2,
  "requires": true,
  "packages": {
    "": {
      "name": "web3-lovejs",
      "dependencies": {
        "@apollo/client": "^3.5.8",
        "axios": "^0.25.0",
        "formik": "^2.2.9",
        "graphql": "^16.3.0",
 "next": "12.0.8",
        "node-fetch": "^3.2.0",
        "node-sass": "^6.0.1",
        "react": "17.0.2",
        "react-dom": "17.0.2",
        "web3": "^1.7.0",
        "yup": "^0.32.11"
      },
      "devDependencies": {
        "eslint": "8.7.0",
        "eslint-config-next": "12.0.8"
      }
    },
    "node_modules/@apollo/client": {
      "version": "3.5.8",
      "resolved": "https://registry.npmjs.org/@apollo/client/-/client-3.5.8.tgz",
      "integrity": "sha512-MAm05+I1ullr64VLpZwon/ISnkMuNLf6vDqgo9wiMhHYBGT4yOAbAIseRdjCHZwfSx/7AUuBgaTNOssZPIr6FQ==",
      "dependencies": {
        "@graphql-typed-document-node/core": "^3.0.0",
        "@wry/context": "^0.6.0",
        "@wry/equality": "^0.5.0",
        "@wry/trie": "^0.3.0",
        "graphql-tag": "^2.12.3",
        "hoist-non-react-statics": "^3.3.2",
        "optimism": "^0.16.1",
        "prop-types": "^15.7.2",
        "symbol-observable": "^4.0.0",
        "ts-invariant": "^0.9.4",
        "tslib": "^2.3.0",
        "zen-observable-ts": "^1.2.0"
      },
      "peerDependencies": {
        "graphql": "^14.0.0 || ^15.0.0 || ^16.0.0",
        "react": "^16.8.0 || ^17.0.0",
        "subscriptions-transport-ws": "^0.9.0 || ^0.11.0"
      },
      "peerDependenciesMeta": {
        "react": {
          "optional": true
        },
        "subscriptions-transport-ws": {
          "optional": true
        }
      }
    },
    "node_modules/@apollo/client/node_modules/tslib": {
      "version": "2.3.1",
      "resolved": "https://registry.npmjs.org/tslib/-/tslib-2.3.1.tgz",
      "integrity": "sha512-77EbyPPpMz+FRFRuAFlWMtmgUWGe9UOG2Z25NqCwiIjRhOf5iKGuzSe5P2w1laq+FkRy4p+PCuVkJSGkzTEKVw=="
    },
    "node_modules/@babel/code-frame": {
      "version": "7.16.7",
      "resolved": "https://registry.npmjs.org/@babel/code-frame/-/code-frame-7.16.7.tgz",
      "integrity": "sha512-iAXqUn8IIeBTNd72xsFlgaXHkMBMt6y4HJp1tIaK465CWLT/fG1aqB7ykr95gHHmlBdGbFeWWfyB4NJJ0nmeIg==",
      "dependencies": {
        "@babel/highlight": "^7.16.7"
      },
      "engines": {
        "node": ">=6.9.0"
      }
    },
    "node_modules/@babel/compat-data": {
      "version": "7.16.8",
      "resolved": "https://registry.npmjs.org/@babel/compat-data/-/compat-data-7.16.8.tgz",
      "integrity": "sha512-m7OkX0IdKLKPpBlJtF561YJal5y/jyI5fNfWbPxh2D/nbzzGI4qRyrD8xO2jB24u7l+5I2a43scCG2IrfjC50Q==",
      "peer": true,
      "engines": {
        "node": ">=6.9.0"
      }
    },
    "node_modules/@babel/core": {
      "version": "7.16.12",
      "resolved": "https://registry.npmjs.org/@babel/core/-/core-7.16.12.tgz",
      "integrity": "sha512-dK5PtG1uiN2ikk++5OzSYsitZKny4wOCD0nrO4TqnW4BVBTQ2NGS3NgilvT/TEyxTST7LNyWV/T4tXDoD3fOgg==",
      "peer": true,
      "dependencies": {
        "@babel/code-frame": "^7.16.7",
        "@babel/generator": "^7.16.8",
        "@babel/helper-compilation-targets": "^7.16.7",
        "@babel/helper-module-transforms": "^7.16.7",
        "@babel/helpers": "^7.16.7",
        "@babel/parser": "^7.16.12",
        "@babel/template": "^7.16.7",
        "@babel/traverse": "^7.16.10",
        "@babel/types": "^7.16.8",
        "convert-source-map": "^1.7.0",
        "debug": "^4.1.0",
        "gensync": "^1.0.0-beta.2",
        "json5": "^2.1.2",
        "semver": "^6.3.0",
        "source-map": "^0.5.0"
      },
      "engines": {
        "node": ">=6.9.0"
      },
      "funding": {
        "type": "opencollective",
        "url": "https://opencollective.com/babel"
      }
    },
    "node_modules/@babel/core/node_modules/@babel/types": {
      "version": "7.16.8",
      "resolved": "https://registry.npmjs.org/@babel/types/-/types-7.16.8.tgz",
      "integrity": "sha512-smN2DQc5s4M7fntyjGtyIPbRJv6wW4rU/94fmYJ7PKQuZkC0qGMHXJbg6sNGt12JmVr4k5YaptI/XtiLJBnmIg==",
      "peer": true,
      "dependencies": {
        "@babel/helper-validator-identifier": "^7.16.7",
        "to-fast-properties": "^2.0.0"
      },
      "engines": {
        "node": ">=6.9.0"
      }
    },
    "node_modules/@babel/core/node_modules/source-map": {
      "version": "0.5.7",
      "resolved": "https://registry.npmjs.org/source-map/-/source-map-0.5.7.tgz",
      "integrity": "sha1-igOdLRAh0i0eoUyA2OpGi6LvP8w=",
      "peer": true,
      "engines": {
